[[package]]
name = "click"
version = "8.1.3"
description = "Composable command line interface toolkit"
category = "main"
optional = false
python-versions = ">=3.7"

[package.dependencies]
colorama = {version = "*", markers = "platform_system == \"Windows\""}

[[package]]
name = "colorama"
version = "0.4.5"
description = "Cross-platform colored terminal text."
category = "main"
optional = false
python-versions = ">=2.7, !=3.0.*, !=3.1.*, !=3.2.*, !=3.3.*, !=3.4.*"

[[package]]
name = "grpcio"
version = "1.41.1"
description = "HTTP/2-based RPC framework"
category = "main"
optional = false
python-versions = "*"

[package.dependencies]
six = ">=1.5.2"

[package.extras]
protobuf = ["grpcio-tools (>=1.41.1)"]

[[package]]
name = "hightime"
version = "0.2.1"
description = "Hightime Python API"
category = "main"
optional = false
python-versions = "*"

[[package]]
name = "ni-measurement-service"
version = "0.8.8"
description = "Develop language agnostic measurement plugins reusable by both the Interactive Debugging/Validation and Test Automation workflow."
category = "main"
optional = false
python-versions = ">=3.8,<4.0"

[package.dependencies]
grpcio = "1.41.1"
protobuf = "3.19.1"
pywin32 = {version = ">=303,<304", markers = "sys_platform == \"win32\""}

[[package]]
name = "nidcpower"
version = "1.4.1"
description = "NI-DCPower Python API"
category = "main"
optional = false
python-versions = "*"

[package.dependencies]
hightime = ">=0.2.0"

[[package]]
name = "protobuf"
version = "3.19.1"
description = "Protocol Buffers"
category = "main"
optional = false
python-versions = ">=3.5"

[[package]]
name = "pywin32"
version = "303"
description = "Python for Window Extensions"
category = "main"
optional = false
python-versions = "*"

[[package]]
name = "six"
version = "1.16.0"
description = "Python 2 and 3 compatibility utilities"
category = "main"
optional = false
python-versions = ">=2.7, !=3.0.*, !=3.1.*, !=3.2.*"

[metadata]
lock-version = "1.1"
python-versions = "^3.8"
content-hash = "becd1e55f938f21086559f17ff22ad1bbb498b8838af93ff2d6ae27b6e79e411"

[metadata.files]
click = []
colorama = []
grpcio = []
hightime = []
ni-measurement-service = []
nidcpower = []
protobuf = []
pywin32 = []
six = []
